// !$*UTF8*$!
{
	archiveVersion = 1;
	classes = {
	};
	objectVersion = 50;
	objects = {

/* Begin PBXBuildFile section */
		094DF32C23F34B4300D012C3 /* AppDelegate.swift in Sources */ = {isa = PBXBuildFile; fileRef = 094DF32B23F34B4300D012C3 /* AppDelegate.swift */; };
		094DF32E23F34B4300D012C3 /* SceneDelegate.swift in Sources */ = {isa = PBXBuildFile; fileRef = 094DF32D23F34B4300D012C3 /* SceneDelegate.swift */; };
		094DF33023F34B4300D012C3 /* ViewController.swift in Sources */ = {isa = PBXBuildFile; fileRef = 094DF32F23F34B4300D012C3 /* ViewController.swift */; };
		094DF33323F34B4300D012C3 /* Main.storyboard in Resources */ = {isa = PBXBuildFile; fileRef = 094DF33123F34B4300D012C3 /* Main.storyboard */; };
		094DF33523F34B4500D012C3 /* Assets.xcassets in Resources */ = {isa = PBXBuildFile; fileRef = 094DF33423F34B4500D012C3 /* Assets.xcassets */; };
		094DF33823F34B4500D012C3 /* LaunchScreen.storyboard in Resources */ = {isa = PBXBuildFile; fileRef = 094DF33623F34B4500D012C3 /* LaunchScreen.storyboard */; };
		09DF74EB23F4A06000ACBE75 /* Room.swift in Sources */ = {isa = PBXBuildFile; fileRef = 09DF74EA23F4A06000ACBE75 /* Room.swift */; };
		09DF74EF23F4A1D400ACBE75 /* MaintenanceChart.swift in Sources */ = {isa = PBXBuildFile; fileRef = 09DF74EE23F4A1D400ACBE75 /* MaintenanceChart.swift */; };
		09DF74F123F4A23F00ACBE75 /* Task.swift in Sources */ = {isa = PBXBuildFile; fileRef = 09DF74F023F4A23F00ACBE75 /* Task.swift */; };
		09DF74F323F4A33E00ACBE75 /* Calendar.swift in Sources */ = {isa = PBXBuildFile; fileRef = 09DF74F223F4A33E00ACBE75 /* Calendar.swift */; };
		09DF74F523F4A3FF00ACBE75 /* User.swift in Sources */ = {isa = PBXBuildFile; fileRef = 09DF74F423F4A3FF00ACBE75 /* User.swift */; };
/* End PBXBuildFile section */

/* Begin PBXFileReference section */
		094DF32823F34B4300D012C3 /* iRevatureTrainingRoomMaintenanceScheduler.app */ = {isa = PBXFileReference; explicitFileType = wrapper.application; includeInIndex = 0; path = iRevatureTrainingRoomMaintenanceScheduler.app; sourceTree = BUILT_PRODUCTS_DIR; };
		094DF32B23F34B4300D012C3 /* AppDelegate.swift */ = {isa = PBXFileReference; lastKnownFileType = sourcecode.swift; path = AppDelegate.swift; sourceTree = "<group>"; };
		094DF32D23F34B4300D012C3 /* SceneDelegate.swift */ = {isa = PBXFileReference; lastKnownFileType = sourcecode.swift; path = SceneDelegate.swift; sourceTree = "<group>"; };
		094DF32F23F34B4300D012C3 /* ViewController.swift */ = {isa = PBXFileReference; lastKnownFileType = sourcecode.swift; path = ViewController.swift; sourceTree = "<group>"; };
		094DF33223F34B4300D012C3 /* Base */ = {isa = PBXFileReference; lastKnownFileType = file.storyboard; name = Base; path = Base.lproj/Main.storyboard; sourceTree = "<group>"; };
		094DF33423F34B4500D012C3 /* Assets.xcassets */ = {isa = PBXFileReference; lastKnownFileType = folder.assetcatalog; path = Assets.xcassets; sourceTree = "<group>"; };
		094DF33723F34B4500D012C3 /* Base */ = {isa = PBXFileReference; lastKnownFileType = file.storyboard; name = Base; path = Base.lproj/LaunchScreen.storyboard; sourceTree = "<group>"; };
		094DF33923F34B4500D012C3 /* Info.plist */ = {isa = PBXFileReference; lastKnownFileType = text.plist.xml; path = Info.plist; sourceTree = "<group>"; };
		09DF74EA23F4A06000ACBE75 /* Room.swift */ = {isa = PBXFileReference; lastKnownFileType = sourcecode.swift; path = Room.swift; sourceTree = "<group>"; };
		09DF74EE23F4A1D400ACBE75 /* MaintenanceChart.swift */ = {isa = PBXFileReference; lastKnownFileType = sourcecode.swift; path = MaintenanceChart.swift; sourceTree = "<group>"; };
		09DF74F023F4A23F00ACBE75 /* Task.swift */ = {isa = PBXFileReference; lastKnownFileType = sourcecode.swift; path = Task.swift; sourceTree = "<group>"; };
		09DF74F223F4A33E00ACBE75 /* Calendar.swift */ = {isa = PBXFileReference; lastKnownFileType = sourcecode.swift; path = Calendar.swift; sourceTree = "<group>"; };
		09DF74F423F4A3FF00ACBE75 /* User.swift */ = {isa = PBXFileReference; lastKnownFileType = sourcecode.swift; path = User.swift; sourceTree = "<group>"; };
/* End PBXFileReference section */

/* Begin PBXFrameworksBuildPhase section */
		094DF32523F34B4300D012C3 /* Frameworks */ = {
			isa = PBXFrameworksBuildPhase;
			buildActionMask = 2147483647;
			files = (
			);
			runOnlyForDeploymentPostprocessing = 0;
		};
/* End PBXFrameworksBuildPhase section */

/* Begin PBXGroup section */
		094DF31F23F34B4300D012C3 = {
			isa = PBXGroup;
			children = (
				094DF32A23F34B4300D012C3 /* iRevatureTrainingRoomMaintenanceScheduler */,
				094DF32923F34B4300D012C3 /* Products */,
			);
			sourceTree = "<group>";
		};
		094DF32923F34B4300D012C3 /* Products */ = {
			isa = PBXGroup;
			children = (
				094DF32823F34B4300D012C3 /* iRevatureTrainingRoomMaintenanceScheduler.app */,
			);
			name = Products;
			sourceTree = "<group>";
		};
		094DF32A23F34B4300D012C3 /* iRevatureTrainingRoomMaintenanceScheduler */ = {
			isa = PBXGroup;
			children = (
				094DF34223F353B300D012C3 /* Storyboard */,
				094DF34323F353C600D012C3 /* Global-Common */,
				094DF33F23F352D500D012C3 /* Account */,
				094DF35323F3554E00D012C3 /* Application */,
				094DF34623F3544400D012C3 /* Business */,
				094DF34523F3542900D012C3 /* Persistence */,
				094DF35023F3550C00D012C3 /* Services */,
				094DF34123F353A200D012C3 /* Resources */,
			);
			path = iRevatureTrainingRoomMaintenanceScheduler;
			sourceTree = "<group>";
		};
		094DF33F23F352D500D012C3 /* Account */ = {
			isa = PBXGroup;
			children = (
			);
			path = Account;
			sourceTree = "<group>";
		};
		094DF34123F353A200D012C3 /* Resources */ = {
			isa = PBXGroup;
			children = (
				094DF33423F34B4500D012C3 /* Assets.xcassets */,
			);
			path = Resources;
			sourceTree = "<group>";
		};
		094DF34223F353B300D012C3 /* Storyboard */ = {
			isa = PBXGroup;
			children = (
				094DF35B23F355B500D012C3 /* LaunchScreen */,
				094DF35A23F355A800D012C3 /* Main */,
			);
			path = Storyboard;
			sourceTree = "<group>";
		};
		094DF34323F353C600D012C3 /* Global-Common */ = {
			isa = PBXGroup;
			children = (
				094DF34A23F354BE00D012C3 /* Constants */,
				094DF34923F354A600D012C3 /* UI-Elements */,
				094DF34823F3548300D012C3 /* Utilities */,
				094DF34723F3547100D012C3 /* Extensions */,
			);
			path = "Global-Common";
			sourceTree = "<group>";
		};
		094DF34423F353D800D012C3 /* Services */ = {
			isa = PBXGroup;
			children = (
			);
			name = Services;
			path = ../Services;
			sourceTree = "<group>";
		};
		094DF34523F3542900D012C3 /* Persistence */ = {
			isa = PBXGroup;
			children = (
				094DF34E23F354F700D012C3 /* Entities */,
				094DF34D23F354E600D012C3 /* Data-Access */,
				094DF34C23F354DA00D012C3 /* Common */,
				094DF34B23F354CF00D012C3 /* Repository */,
			);
			path = Persistence;
			sourceTree = "<group>";
		};
		094DF34623F3544400D012C3 /* Business */ = {
			isa = PBXGroup;
			children = (
				094DF34423F353D800D012C3 /* Services */,
				094DF35223F3553500D012C3 /* Entities */,
				094DF35123F3552600D012C3 /* Logic */,
				094DF34F23F3550400D012C3 /* Common */,
			);
			path = Business;
			sourceTree = "<group>";
		};
		094DF34723F3547100D012C3 /* Extensions */ = {
			isa = PBXGroup;
			children = (
			);
			path = Extensions;
			sourceTree = "<group>";
		};
		094DF34823F3548300D012C3 /* Utilities */ = {
			isa = PBXGroup;
			children = (
			);
			path = Utilities;
			sourceTree = "<group>";
		};
		094DF34923F354A600D012C3 /* UI-Elements */ = {
			isa = PBXGroup;
			children = (
			);
			path = "UI-Elements";
			sourceTree = "<group>";
		};
		094DF34A23F354BE00D012C3 /* Constants */ = {
			isa = PBXGroup;
			children = (
			);
			path = Constants;
			sourceTree = "<group>";
		};
		094DF34B23F354CF00D012C3 /* Repository */ = {
			isa = PBXGroup;
			children = (
			);
			path = Repository;
			sourceTree = "<group>";
		};
		094DF34C23F354DA00D012C3 /* Common */ = {
			isa = PBXGroup;
			children = (
			);
			path = Common;
			sourceTree = "<group>";
		};
		094DF34D23F354E600D012C3 /* Data-Access */ = {
			isa = PBXGroup;
			children = (
			);
			path = "Data-Access";
			sourceTree = "<group>";
		};
		094DF34E23F354F700D012C3 /* Entities */ = {
			isa = PBXGroup;
			children = (
			);
			path = Entities;
			sourceTree = "<group>";
		};
		094DF34F23F3550400D012C3 /* Common */ = {
			isa = PBXGroup;
			children = (
			);
			path = Common;
			sourceTree = "<group>";
		};
		094DF35023F3550C00D012C3 /* Services */ = {
			isa = PBXGroup;
			children = (
			);
			name = Services;
			path = Business/Services;
			sourceTree = "<group>";
		};
		094DF35123F3552600D012C3 /* Logic */ = {
			isa = PBXGroup;
			children = (
			);
			path = Logic;
			sourceTree = "<group>";
		};
		094DF35223F3553500D012C3 /* Entities */ = {
			isa = PBXGroup;
			children = (
				09DF74EA23F4A06000ACBE75 /* Room.swift */,
				09DF74EE23F4A1D400ACBE75 /* MaintenanceChart.swift */,
				09DF74F023F4A23F00ACBE75 /* Task.swift */,
				09DF74F223F4A33E00ACBE75 /* Calendar.swift */,
				09DF74F423F4A3FF00ACBE75 /* User.swift */,
			);
			path = Entities;
			sourceTree = "<group>";
		};
		094DF35323F3554E00D012C3 /* Application */ = {
			isa = PBXGroup;
			children = (
				094DF35923F3558700D012C3 /* Delegates */,
				094DF35823F3557D00D012C3 /* Protocols */,
				094DF35723F3557300D012C3 /* Configuration */,
				094DF35423F3555700D012C3 /* Modules */,
			);
			path = Application;
			sourceTree = "<group>";
		};
		094DF35423F3555700D012C3 /* Modules */ = {
			isa = PBXGroup;
			children = (
				094DF35623F3556900D012C3 /* Views */,
				094DF35523F3555E00D012C3 /* View-Controllers */,
			);
			path = Modules;
			sourceTree = "<group>";
		};
		094DF35523F3555E00D012C3 /* View-Controllers */ = {
			isa = PBXGroup;
			children = (
				094DF32F23F34B4300D012C3 /* ViewController.swift */,
			);
			path = "View-Controllers";
			sourceTree = "<group>";
		};
		094DF35623F3556900D012C3 /* Views */ = {
			isa = PBXGroup;
			children = (
			);
			path = Views;
			sourceTree = "<group>";
		};
		094DF35723F3557300D012C3 /* Configuration */ = {
			isa = PBXGroup;
			children = (
				094DF33923F34B4500D012C3 /* Info.plist */,
			);
			path = Configuration;
			sourceTree = "<group>";
		};
		094DF35823F3557D00D012C3 /* Protocols */ = {
			isa = PBXGroup;
			children = (
			);
			path = Protocols;
			sourceTree = "<group>";
		};
		094DF35923F3558700D012C3 /* Delegates */ = {
			isa = PBXGroup;
			children = (
				094DF32B23F34B4300D012C3 /* AppDelegate.swift */,
				094DF32D23F34B4300D012C3 /* SceneDelegate.swift */,
			);
			path = Delegates;
			sourceTree = "<group>";
		};
		094DF35A23F355A800D012C3 /* Main */ = {
			isa = PBXGroup;
			children = (
				094DF33123F34B4300D012C3 /* Main.storyboard */,
			);
			path = Main;
			sourceTree = "<group>";
		};
		094DF35B23F355B500D012C3 /* LaunchScreen */ = {
			isa = PBXGroup;
			children = (
				094DF33623F34B4500D012C3 /* LaunchScreen.storyboard */,
			);
			path = LaunchScreen;
			sourceTree = "<group>";
		};
/* End PBXGroup section */

/* Begin PBXNativeTarget section */
		094DF32723F34B4300D012C3 /* iRevatureTrainingRoomMaintenanceScheduler */ = {
			isa = PBXNativeTarget;
			buildConfigurationList = 094DF33C23F34B4500D012C3 /* Build configuration list for PBXNativeTarget "iRevatureTrainingRoomMaintenanceScheduler" */;
			buildPhases = (
				094DF32423F34B4300D012C3 /* Sources */,
				094DF32523F34B4300D012C3 /* Frameworks */,
				094DF32623F34B4300D012C3 /* Resources */,
			);
			buildRules = (
			);
			dependencies = (
			);
			name = iRevatureTrainingRoomMaintenanceScheduler;
			productName = iRevatureTrainingRoomMaintenanceScheduler;
			productReference = 094DF32823F34B4300D012C3 /* iRevatureTrainingRoomMaintenanceScheduler.app */;
			productType = "com.apple.product-type.application";
		};
/* End PBXNativeTarget section */

/* Begin PBXProject section */
		094DF32023F34B4300D012C3 /* Project object */ = {
			isa = PBXProject;
			attributes = {
				LastSwiftUpdateCheck = 1130;
				LastUpgradeCheck = 1130;
				ORGANIZATIONNAME = revature;
				TargetAttributes = {
					094DF32723F34B4300D012C3 = {
						CreatedOnToolsVersion = 11.3.1;
					};
				};
			};
			buildConfigurationList = 094DF32323F34B4300D012C3 /* Build configuration list for PBXProject "iRevatureTrainingRoomMaintenanceScheduler" */;
			compatibilityVersion = "Xcode 9.3";
			developmentRegion = en;
			hasScannedForEncodings = 0;
			knownRegions = (
				en,
				Base,
			);
			mainGroup = 094DF31F23F34B4300D012C3;
			productRefGroup = 094DF32923F34B4300D012C3 /* Products */;
			projectDirPath = "";
			projectRoot = "";
			targets = (
				094DF32723F34B4300D012C3 /* iRevatureTrainingRoomMaintenanceScheduler */,
			);
		};
/* End PBXProject section */

/* Begin PBXResourcesBuildPhase section */
		094DF32623F34B4300D012C3 /* Resources */ = {
			isa = PBXResourcesBuildPhase;
			buildActionMask = 2147483647;
			files = (
				094DF33823F34B4500D012C3 /* LaunchScreen.storyboard in Resources */,
				094DF33523F34B4500D012C3 /* Assets.xcassets in Resources */,
				094DF33323F34B4300D012C3 /* Main.storyboard in Resources */,
			);
			runOnlyForDeploymentPostprocessing = 0;
		};
/* End PBXResourcesBuildPhase section */

/* Begin PBXSourcesBuildPhase section */
		094DF32423F34B4300D012C3 /* Sources */ = {
			isa = PBXSourcesBuildPhase;
			buildActionMask = 2147483647;
			files = (
				094DF33023F34B4300D012C3 /* ViewController.swift in Sources */,
				094DF32C23F34B4300D012C3 /* AppDelegate.swift in Sources */,
				09DF74EB23F4A06000ACBE75 /* Room.swift in Sources */,
				09DF74EF23F4A1D400ACBE75 /* MaintenanceChart.swift in Sources */,
				09DF74F523F4A3FF00ACBE75 /* User.swift in Sources */,
				09DF74F123F4A23F00ACBE75 /* Task.swift in Sources */,
				094DF32E23F34B4300D012C3 /* SceneDelegate.swift in Sources */,
				09DF74F323F4A33E00ACBE75 /* Calendar.swift in Sources */,
			);
			runOnlyForDeploymentPostprocessing = 0;
		};
/* End PBXSourcesBuildPhase section */

/* Begin PBXVariantGroup section */
		094DF33123F34B4300D012C3 /* Main.storyboard */ = {
			isa = PBXVariantGroup;
			children = (
				094DF33223F34B4300D012C3 /* Base */,
			);
			name = Main.storyboard;
			sourceTree = "<group>";
		};
		094DF33623F34B4500D012C3 /* LaunchScreen.storyboard */ = {
			isa = PBXVariantGroup;
			children = (
				094DF33723F34B4500D012C3 /* Base */,
			);
			name = LaunchScreen.storyboard;
			sourceTree = "<group>";
		};
/* End PBXVariantGroup section */

/* Begin XCBuildConfiguration section */
		094DF33A23F34B4500D012C3 /* Debug */ = {
			isa = XCBuildConfiguration;
			buildSettings = {
				ALWAYS_SEARCH_USER_PATHS = NO;
				CLANG_ANALYZER_NONNULL = YES;
				CLANG_ANALYZER_NUMBER_OBJECT_CONVERSION = YES_AGGRESSIVE;
				CLANG_CXX_LANGUAGE_STANDARD = "gnu++14";
				CLANG_CXX_LIBRARY = "libc++";
				CLANG_ENABLE_MODULES = YES;
				CLANG_ENABLE_OBJC_ARC = YES;
				CLANG_ENABLE_OBJC_WEAK = YES;
				CLANG_WARN_BLOCK_CAPTURE_AUTORELEASING = YES;
				CLANG_WARN_BOOL_CONVERSION = YES;
				CLANG_WARN_COMMA = YES;
				CLANG_WARN_CONSTANT_CONVERSION = YES;
				CLANG_WARN_DEPRECATED_OBJC_IMPLEMENTATIONS = YES;
				CLANG_WARN_DIRECT_OBJC_ISA_USAGE = YES_ERROR;
				CLANG_WARN_DOCUMENTATION_COMMENTS = YES;
				CLANG_WARN_EMPTY_BODY = YES;
				CLANG_WARN_ENUM_CONVERSION = YES;
				CLANG_WARN_INFINITE_RECURSION = YES;
				CLANG_WARN_INT_CONVERSION = YES;
				CLANG_WARN_NON_LITERAL_NULL_CONVERSION = YES;
				CLANG_WARN_OBJC_IMPLICIT_RETAIN_SELF = YES;
				CLANG_WARN_OBJC_LITERAL_CONVERSION = YES;
				CLANG_WARN_OBJC_ROOT_CLASS = YES_ERROR;
				CLANG_WARN_RANGE_LOOP_ANALYSIS = YES;
				CLANG_WARN_STRICT_PROTOTYPES = YES;
				CLANG_WARN_SUSPICIOUS_MOVE = YES;
				CLANG_WARN_UNGUARDED_AVAILABILITY = YES_AGGRESSIVE;
				CLANG_WARN_UNREACHABLE_CODE = YES;
				CLANG_WARN__DUPLICATE_METHOD_MATCH = YES;
				COPY_PHASE_STRIP = NO;
				DEBUG_INFORMATION_FORMAT = dwarf;
				ENABLE_STRICT_OBJC_MSGSEND = YES;
				ENABLE_TESTABILITY = YES;
				GCC_C_LANGUAGE_STANDARD = gnu11;
				GCC_DYNAMIC_NO_PIC = NO;
				GCC_NO_COMMON_BLOCKS = YES;
				GCC_OPTIMIZATION_LEVEL = 0;
				GCC_PREPROCESSOR_DEFINITIONS = (
					"DEBUG=1",
					"$(inherited)",
				);
				GCC_WARN_64_TO_32_BIT_CONVERSION = YES;
				GCC_WARN_ABOUT_RETURN_TYPE = YES_ERROR;
				GCC_WARN_UNDECLARED_SELECTOR = YES;
				GCC_WARN_UNINITIALIZED_AUTOS = YES_AGGRESSIVE;
				GCC_WARN_UNUSED_FUNCTION = YES;
				GCC_WARN_UNUSED_VARIABLE = YES;
				IPHONEOS_DEPLOYMENT_TARGET = 13.2;
				MTL_ENABLE_DEBUG_INFO = INCLUDE_SOURCE;
				MTL_FAST_MATH = YES;
				ONLY_ACTIVE_ARCH = YES;
				SDKROOT = iphoneos;
				SWIFT_ACTIVE_COMPILATION_CONDITIONS = DEBUG;
				SWIFT_OPTIMIZATION_LEVEL = "-Onone";
			};
			name = Debug;
		};
		094DF33B23F34B4500D012C3 /* Release */ = {
			isa = XCBuildConfiguration;
			buildSettings = {
				ALWAYS_SEARCH_USER_PATHS = NO;
				CLANG_ANALYZER_NONNULL = YES;
				CLANG_ANALYZER_NUMBER_OBJECT_CONVERSION = YES_AGGRESSIVE;
				CLANG_CXX_LANGUAGE_STANDARD = "gnu++14";
				CLANG_CXX_LIBRARY = "libc++";
				CLANG_ENABLE_MODULES = YES;
				CLANG_ENABLE_OBJC_ARC = YES;
				CLANG_ENABLE_OBJC_WEAK = YES;
				CLANG_WARN_BLOCK_CAPTURE_AUTORELEASING = YES;
				CLANG_WARN_BOOL_CONVERSION = YES;
				CLANG_WARN_COMMA = YES;
				CLANG_WARN_CONSTANT_CONVERSION = YES;
				CLANG_WARN_DEPRECATED_OBJC_IMPLEMENTATIONS = YES;
				CLANG_WARN_DIRECT_OBJC_ISA_USAGE = YES_ERROR;
				CLANG_WARN_DOCUMENTATION_COMMENTS = YES;
				CLANG_WARN_EMPTY_BODY = YES;
				CLANG_WARN_ENUM_CONVERSION = YES;
				CLANG_WARN_INFINITE_RECURSION = YES;
				CLANG_WARN_INT_CONVERSION = YES;
				CLANG_WARN_NON_LITERAL_NULL_CONVERSION = YES;
				CLANG_WARN_OBJC_IMPLICIT_RETAIN_SELF = YES;
				CLANG_WARN_OBJC_LITERAL_CONVERSION = YES;
				CLANG_WARN_OBJC_ROOT_CLASS = YES_ERROR;
				CLANG_WARN_RANGE_LOOP_ANALYSIS = YES;
				CLANG_WARN_STRICT_PROTOTYPES = YES;
				CLANG_WARN_SUSPICIOUS_MOVE = YES;
				CLANG_WARN_UNGUARDED_AVAILABILITY = YES_AGGRESSIVE;
				CLANG_WARN_UNREACHABLE_CODE = YES;
				CLANG_WARN__DUPLICATE_METHOD_MATCH = YES;
				COPY_PHASE_STRIP = NO;
				DEBUG_INFORMATION_FORMAT = "dwarf-with-dsym";
				ENABLE_NS_ASSERTIONS = NO;
				ENABLE_STRICT_OBJC_MSGSEND = YES;
				GCC_C_LANGUAGE_STANDARD = gnu11;
				GCC_NO_COMMON_BLOCKS = YES;
				GCC_WARN_64_TO_32_BIT_CONVERSION = YES;
				GCC_WARN_ABOUT_RETURN_TYPE = YES_ERROR;
				GCC_WARN_UNDECLARED_SELECTOR = YES;
				GCC_WARN_UNINITIALIZED_AUTOS = YES_AGGRESSIVE;
				GCC_WARN_UNUSED_FUNCTION = YES;
				GCC_WARN_UNUSED_VARIABLE = YES;
				IPHONEOS_DEPLOYMENT_TARGET = 13.2;
				MTL_ENABLE_DEBUG_INFO = NO;
				MTL_FAST_MATH = YES;
				SDKROOT = iphoneos;
				SWIFT_COMPILATION_MODE = wholemodule;
				SWIFT_OPTIMIZATION_LEVEL = "-O";
				VALIDATE_PRODUCT = YES;
			};
			name = Release;
		};
		094DF33D23F34B4500D012C3 /* Debug */ = {
			isa = XCBuildConfiguration;
			buildSettings = {
				ASSETCATALOG_COMPILER_APPICON_NAME = AppIcon;
				CODE_SIGN_STYLE = Automatic;
				INFOPLIST_FILE = iRevatureTrainingRoomMaintenanceScheduler/Application/Configuration/Info.plist;
				LD_RUNPATH_SEARCH_PATHS = (
					"$(inherited)",
					"@executable_path/Frameworks",
				);
				PRODUCT_BUNDLE_IDENTIFIER = com.revature.iRevatureTrainingRoomMaintenanceScheduler;
				PRODUCT_NAME = "$(TARGET_NAME)";
				SWIFT_VERSION = 5.0;
				TARGETED_DEVICE_FAMILY = "1,2";
			};
			name = Debug;
		};
		094DF33E23F34B4500D012C3 /* Release */ = {
			isa = XCBuildConfiguration;
			buildSettings = {
				ASSETCATALOG_COMPILER_APPICON_NAME = AppIcon;
				CODE_SIGN_STYLE = Automatic;
				INFOPLIST_FILE = iRevatureTrainingRoomMaintenanceScheduler/Application/Configuration/Info.plist;
				LD_RUNPATH_SEARCH_PATHS = (
					"$(inherited)",
					"@executable_path/Frameworks",
				);
				PRODUCT_BUNDLE_IDENTIFIER = com.revature.iRevatureTrainingRoomMaintenanceScheduler;
				PRODUCT_NAME = "$(TARGET_NAME)";
				SWIFT_VERSION = 5.0;
				TARGETED_DEVICE_FAMILY = "1,2";
			};
			name = Release;
		};
/* End XCBuildConfiguration section */

/* Begin XCConfigurationList section */
		094DF32323F34B4300D012C3 /* Build configuration list for PBXProject "iRevatureTrainingRoomMaintenanceScheduler" */ = {
			isa = XCConfigurationList;
			buildConfigurations = (
				094DF33A23F34B4500D012C3 /* Debug */,
				094DF33B23F34B4500D012C3 /* Release */,
			);
			defaultConfigurationIsVisible = 0;
			defaultConfigurationName = Release;
		};
		094DF33C23F34B4500D012C3 /* Build configuration list for PBXNativeTarget "iRevatureTrainingRoomMaintenanceScheduler" */ = {
			isa = XCConfigurationList;
			buildConfigurations = (
				094DF33D23F34B4500D012C3 /* Debug */,
				094DF33E23F34B4500D012C3 /* Release */,
			);
			defaultConfigurationIsVisible = 0;
			defaultConfigurationName = Release;
		};
/* End XCConfigurationList section */
	};
	rootObject = 094DF32023F34B4300D012C3 /* Project object */;
}
